// !$*UTF8*$!
{
	archiveVersion = 1;
	classes = {
	};
	objectVersion = 50;
	objects = {

/* Begin PBXBuildFile section */
		8B5D6592259984E600066ABB /* TransactionsView.swift in Sources */ = {isa = PBXBuildFile; fileRef = 8B5D6591259984E600066ABB /* TransactionsView.swift */; };
		8B5D65952599870800066ABB /* CardList.swift in Sources */ = {isa = PBXBuildFile; fileRef = 8B5D65942599870800066ABB /* CardList.swift */; };
		8B5D65982599871E00066ABB /* TransactionRow.swift in Sources */ = {isa = PBXBuildFile; fileRef = 8B5D65972599871E00066ABB /* TransactionRow.swift */; };
		8B5D659B25998BAE00066ABB /* TransactionsHeader.swift in Sources */ = {isa = PBXBuildFile; fileRef = 8B5D659A25998BAE00066ABB /* TransactionsHeader.swift */; };
		8B5D659E25998C3800066ABB /* CardsScreen.swift in Sources */ = {isa = PBXBuildFile; fileRef = 8B5D659D25998C3800066ABB /* CardsScreen.swift */; };
		8B9BC71F25995A7200F8CB4E /* money_manageApp.swift in Sources */ = {isa = PBXBuildFile; fileRef = 8B9BC71E25995A7200F8CB4E /* money_manageApp.swift */; };
		8B9BC72125995A7200F8CB4E /* ContentView.swift in Sources */ = {isa = PBXBuildFile; fileRef = 8B9BC72025995A7200F8CB4E /* ContentView.swift */; };
		8B9BC72325995A7300F8CB4E /* Assets.xcassets in Resources */ = {isa = PBXBuildFile; fileRef = 8B9BC72225995A7300F8CB4E /* Assets.xcassets */; };
		8B9BC72625995A7300F8CB4E /* Preview Assets.xcassets in Resources */ = {isa = PBXBuildFile; fileRef = 8B9BC72525995A7300F8CB4E /* Preview Assets.xcassets */; };
		8B9BC72F25995B4C00F8CB4E /* CardView.swift in Sources */ = {isa = PBXBuildFile; fileRef = 8B9BC72E25995B4C00F8CB4E /* CardView.swift */; };
/* End PBXBuildFile section */

/* Begin PBXFileReference section */
		8B5D6591259984E600066ABB /* TransactionsView.swift */ = {isa = PBXFileReference; lastKnownFileType = sourcecode.swift; path = TransactionsView.swift; sourceTree = "<group>"; };
		8B5D65942599870800066ABB /* CardList.swift */ = {isa = PBXFileReference; lastKnownFileType = sourcecode.swift; path = CardList.swift; sourceTree = "<group>"; };
		8B5D65972599871E00066ABB /* TransactionRow.swift */ = {isa = PBXFileReference; lastKnownFileType = sourcecode.swift; path = TransactionRow.swift; sourceTree = "<group>"; };
		8B5D659A25998BAE00066ABB /* TransactionsHeader.swift */ = {isa = PBXFileReference; lastKnownFileType = sourcecode.swift; path = TransactionsHeader.swift; sourceTree = "<group>"; };
		8B5D659D25998C3800066ABB /* CardsScreen.swift */ = {isa = PBXFileReference; lastKnownFileType = sourcecode.swift; path = CardsScreen.swift; sourceTree = "<group>"; };
		8B9BC71B25995A7200F8CB4E /* money-manage.app */ = {isa = PBXFileReference; explicitFileType = wrapper.application; includeInIndex = 0; path = "money-manage.app"; sourceTree = BUILT_PRODUCTS_DIR; };
		8B9BC71E25995A7200F8CB4E /* money_manageApp.swift */ = {isa = PBXFileReference; lastKnownFileType = sourcecode.swift; path = money_manageApp.swift; sourceTree = "<group>"; };
		8B9BC72025995A7200F8CB4E /* ContentView.swift */ = {isa = PBXFileReference; lastKnownFileType = sourcecode.swift; path = ContentView.swift; sourceTree = "<group>"; };
		8B9BC72225995A7300F8CB4E /* Assets.xcassets */ = {isa = PBXFileReference; lastKnownFileType = folder.assetcatalog; path = Assets.xcassets; sourceTree = "<group>"; };
		8B9BC72525995A7300F8CB4E /* Preview Assets.xcassets */ = {isa = PBXFileReference; lastKnownFileType = folder.assetcatalog; path = "Preview Assets.xcassets"; sourceTree = "<group>"; };
		8B9BC72725995A7300F8CB4E /* Info.plist */ = {isa = PBXFileReference; lastKnownFileType = text.plist.xml; path = Info.plist; sourceTree = "<group>"; };
		8B9BC72E25995B4C00F8CB4E /* CardView.swift */ = {isa = PBXFileReference; lastKnownFileType = sourcecode.swift; path = CardView.swift; sourceTree = "<group>"; };
/* End PBXFileReference section */

/* Begin PBXFrameworksBuildPhase section */
		8B9BC71825995A7200F8CB4E /* Frameworks */ = {
			isa = PBXFrameworksBuildPhase;
			buildActionMask = 2147483647;
			files = (
			);
			runOnlyForDeploymentPostprocessing = 0;
		};
/* End PBXFrameworksBuildPhase section */

/* Begin PBXGroup section */
		8B9BC71225995A7200F8CB4E = {
			isa = PBXGroup;
			children = (
				8B9BC71D25995A7200F8CB4E /* money-manage */,
				8B9BC71C25995A7200F8CB4E /* Products */,
			);
			sourceTree = "<group>";
		};
		8B9BC71C25995A7200F8CB4E /* Products */ = {
			isa = PBXGroup;
			children = (
				8B9BC71B25995A7200F8CB4E /* money-manage.app */,
			);
			name = Products;
			sourceTree = "<group>";
		};
		8B9BC71D25995A7200F8CB4E /* money-manage */ = {
			isa = PBXGroup;
			children = (
				8B9BC73125995B4F00F8CB4E /* Views */,
				8B9BC71E25995A7200F8CB4E /* money_manageApp.swift */,
				8B9BC72225995A7300F8CB4E /* Assets.xcassets */,
				8B9BC72725995A7300F8CB4E /* Info.plist */,
				8B9BC72425995A7300F8CB4E /* Preview Content */,
			);
			path = "money-manage";
			sourceTree = "<group>";
		};
		8B9BC72425995A7300F8CB4E /* Preview Content */ = {
			isa = PBXGroup;
			children = (
				8B9BC72525995A7300F8CB4E /* Preview Assets.xcassets */,
			);
			path = "Preview Content";
			sourceTree = "<group>";
		};
		8B9BC73125995B4F00F8CB4E /* Views */ = {
			isa = PBXGroup;
			children = (
				8B9BC72025995A7200F8CB4E /* ContentView.swift */,
				8B9BC72E25995B4C00F8CB4E /* CardView.swift */,
				8B5D6591259984E600066ABB /* TransactionsView.swift */,
				8B5D65942599870800066ABB /* CardList.swift */,
				8B5D65972599871E00066ABB /* TransactionRow.swift */,
				8B5D659A25998BAE00066ABB /* TransactionsHeader.swift */,
				8B5D659D25998C3800066ABB /* CardsScreen.swift */,
			);
			path = Views;
			sourceTree = "<group>";
		};
/* End PBXGroup section */

/* Begin PBXNativeTarget section */
		8B9BC71A25995A7200F8CB4E /* money-manage */ = {
			isa = PBXNativeTarget;
			buildConfigurationList = 8B9BC72A25995A7300F8CB4E /* Build configuration list for PBXNativeTarget "money-manage" */;
			buildPhases = (
				8B9BC71725995A7200F8CB4E /* Sources */,
				8B9BC71825995A7200F8CB4E /* Frameworks */,
				8B9BC71925995A7200F8CB4E /* Resources */,
			);
			buildRules = (
			);
			dependencies = (
			);
			name = "money-manage";
			productName = "money-manage";
			productReference = 8B9BC71B25995A7200F8CB4E /* money-manage.app */;
			productType = "com.apple.product-type.application";
		};
/* End PBXNativeTarget section */

/* Begin PBXProject section */
		8B9BC71325995A7200F8CB4E /* Project object */ = {
			isa = PBXProject;
			attributes = {
				LastSwiftUpdateCheck = 1230;
				LastUpgradeCheck = 1230;
				TargetAttributes = {
					8B9BC71A25995A7200F8CB4E = {
						CreatedOnToolsVersion = 12.3;
					};
				};
			};
			buildConfigurationList = 8B9BC71625995A7200F8CB4E /* Build configuration list for PBXProject "money-manage" */;
			compatibilityVersion = "Xcode 9.3";
			developmentRegion = en;
			hasScannedForEncodings = 0;
			knownRegions = (
				en,
				Base,
			);
			mainGroup = 8B9BC71225995A7200F8CB4E;
			productRefGroup = 8B9BC71C25995A7200F8CB4E /* Products */;
			projectDirPath = "";
			projectRoot = "";
			targets = (
				8B9BC71A25995A7200F8CB4E /* money-manage */,
			);
		};
/* End PBXProject section */

/* Begin PBXResourcesBuildPhase section */
		8B9BC71925995A7200F8CB4E /* Resources */ = {
			isa = PBXResourcesBuildPhase;
			buildActionMask = 2147483647;
			files = (
				8B9BC72625995A7300F8CB4E /* Preview Assets.xcassets in Resources */,
				8B9BC72325995A7300F8CB4E /* Assets.xcassets in Resources */,
			);
			runOnlyForDeploymentPostprocessing = 0;
		};
/* End PBXResourcesBuildPhase section */

/* Begin PBXSourcesBuildPhase section */
		8B9BC71725995A7200F8CB4E /* Sources */ = {
			isa = PBXSourcesBuildPhase;
			buildActionMask = 2147483647;
			files = (
				8B9BC72125995A7200F8CB4E /* ContentView.swift in Sources */,
				8B5D659E25998C3800066ABB /* CardsScreen.swift in Sources */,
				8B5D6592259984E600066ABB /* TransactionsView.swift in Sources */,
				8B5D65952599870800066ABB /* CardList.swift in Sources */,
				8B5D65982599871E00066ABB /* TransactionRow.swift in Sources */,
				8B5D659B25998BAE00066ABB /* TransactionsHeader.swift in Sources */,
				8B9BC72F25995B4C00F8CB4E /* CardView.swift in Sources */,
				8B9BC71F25995A7200F8CB4E /* money_manageApp.swift in Sources */,
			);
			runOnlyForDeploymentPostprocessing = 0;
		};
/* End PBXSourcesBuildPhase section */

/* Begin XCBuildConfiguration section */
		8B9BC72825995A7300F8CB4E /* Debug */ = {
			isa = XCBuildConfiguration;
			buildSettings = {
				ALWAYS_SEARCH_USER_PATHS = NO;
				CLANG_ANALYZER_NONNULL = YES;
				CLANG_ANALYZER_NUMBER_OBJECT_CONVERSION = YES_AGGRESSIVE;
				CLANG_CXX_LANGUAGE_STANDARD = "gnu++14";
				CLANG_CXX_LIBRARY = "libc++";
				CLANG_ENABLE_MODULES = YES;
				CLANG_ENABLE_OBJC_ARC = YES;
				CLANG_ENABLE_OBJC_WEAK = YES;
				CLANG_WARN_BLOCK_CAPTURE_AUTORELEASING = YES;
				CLANG_WARN_BOOL_CONVERSION = YES;
				CLANG_WARN_COMMA = YES;
				CLANG_WARN_CONSTANT_CONVERSION = YES;
				CLANG_WARN_DEPRECATED_OBJC_IMPLEMENTATIONS = YES;
				CLANG_WARN_DIRECT_OBJC_ISA_USAGE = YES_ERROR;
				CLANG_WARN_DOCUMENTATION_COMMENTS = YES;
				CLANG_WARN_EMPTY_BODY = YES;
				CLANG_WARN_ENUM_CONVERSION = YES;
				CLANG_WARN_INFINITE_RECURSION = YES;
				CLANG_WARN_INT_CONVERSION = YES;
				CLANG_WARN_NON_LITERAL_NULL_CONVERSION = YES;
				CLANG_WARN_OBJC_IMPLICIT_RETAIN_SELF = YES;
				CLANG_WARN_OBJC_LITERAL_CONVERSION = YES;
				CLANG_WARN_OBJC_ROOT_CLASS = YES_ERROR;
				CLANG_WARN_QUOTED_INCLUDE_IN_FRAMEWORK_HEADER = YES;
				CLANG_WARN_RANGE_LOOP_ANALYSIS = YES;
				CLANG_WARN_STRICT_PROTOTYPES = YES;
				CLANG_WARN_SUSPICIOUS_MOVE = YES;
				CLANG_WARN_UNGUARDED_AVAILABILITY = YES_AGGRESSIVE;
				CLANG_WARN_UNREACHABLE_CODE = YES;
				CLANG_WARN__DUPLICATE_METHOD_MATCH = YES;
				COPY_PHASE_STRIP = NO;
				DEBUG_INFORMATION_FORMAT = dwarf;
				ENABLE_STRICT_OBJC_MSGSEND = YES;
				ENABLE_TESTABILITY = YES;
				GCC_C_LANGUAGE_STANDARD = gnu11;
				GCC_DYNAMIC_NO_PIC = NO;
				GCC_NO_COMMON_BLOCKS = YES;
				GCC_OPTIMIZATION_LEVEL = 0;
				GCC_PREPROCESSOR_DEFINITIONS = (
					"DEBUG=1",
					"$(inherited)",
				);
				GCC_WARN_64_TO_32_BIT_CONVERSION = YES;
				GCC_WARN_ABOUT_RETURN_TYPE = YES_ERROR;
				GCC_WARN_UNDECLARED_SELECTOR = YES;
				GCC_WARN_UNINITIALIZED_AUTOS = YES_AGGRESSIVE;
				GCC_WARN_UNUSED_FUNCTION = YES;
				GCC_WARN_UNUSED_VARIABLE = YES;
				IPHONEOS_DEPLOYMENT_TARGET = 14.3;
				MTL_ENABLE_DEBUG_INFO = INCLUDE_SOURCE;
				MTL_FAST_MATH = YES;
				ONLY_ACTIVE_ARCH = YES;
				SDKROOT = iphoneos;
				SWIFT_ACTIVE_COMPILATION_CONDITIONS = DEBUG;
				SWIFT_OPTIMIZATION_LEVEL = "-Onone";
			};
			name = Debug;
		};
		8B9BC72925995A7300F8CB4E /* Release */ = {
			isa = XCBuildConfiguration;
			buildSettings = {
				ALWAYS_SEARCH_USER_PATHS = NO;
				CLANG_ANALYZER_NONNULL = YES;
				CLANG_ANALYZER_NUMBER_OBJECT_CONVERSION = YES_AGGRESSIVE;
				CLANG_CXX_LANGUAGE_STANDARD = "gnu++14";
				CLANG_CXX_LIBRARY = "libc++";
				CLANG_ENABLE_MODULES = YES;
				CLANG_ENABLE_OBJC_ARC = YES;
				CLANG_ENABLE_OBJC_WEAK = YES;
				CLANG_WARN_BLOCK_CAPTURE_AUTORELEASING = YES;
				CLANG_WARN_BOOL_CONVERSION = YES;
				CLANG_WARN_COMMA = YES;
				CLANG_WARN_CONSTANT_CONVERSION = YES;
				CLANG_WARN_DEPRECATED_OBJC_IMPLEMENTATIONS = YES;
				CLANG_WARN_DIRECT_OBJC_ISA_USAGE = YES_ERROR;
				CLANG_WARN_DOCUMENTATION_COMMENTS = YES;
				CLANG_WARN_EMPTY_BODY = YES;
				CLANG_WARN_ENUM_CONVERSION = YES;
				CLANG_WARN_INFINITE_RECURSION = YES;
				CLANG_WARN_INT_CONVERSION = YES;
				CLANG_WARN_NON_LITERAL_NULL_CONVERSION = YES;
				CLANG_WARN_OBJC_IMPLICIT_RETAIN_SELF = YES;
				CLANG_WARN_OBJC_LITERAL_CONVERSION = YES;
				CLANG_WARN_OBJC_ROOT_CLASS = YES_ERROR;
				CLANG_WARN_QUOTED_INCLUDE_IN_FRAMEWORK_HEADER = YES;
				CLANG_WARN_RANGE_LOOP_ANALYSIS = YES;
				CLANG_WARN_STRICT_PROTOTYPES = YES;
				CLANG_WARN_SUSPICIOUS_MOVE = YES;
				CLANG_WARN_UNGUARDED_AVAILABILITY = YES_AGGRESSIVE;
				CLANG_WARN_UNREACHABLE_CODE = YES;
				CLANG_WARN__DUPLICATE_METHOD_MATCH = YES;
				COPY_PHASE_STRIP = NO;
				DEBUG_INFORMATION_FORMAT = "dwarf-with-dsym";
				ENABLE_NS_ASSERTIONS = NO;
				ENABLE_STRICT_OBJC_MSGSEND = YES;
				GCC_C_LANGUAGE_STANDARD = gnu11;
				GCC_NO_COMMON_BLOCKS = YES;
				GCC_WARN_64_TO_32_BIT_CONVERSION = YES;
				GCC_WARN_ABOUT_RETURN_TYPE = YES_ERROR;
				GCC_WARN_UNDECLARED_SELECTOR = YES;
				GCC_WARN_UNINITIALIZED_AUTOS = YES_AGGRESSIVE;
				GCC_WARN_UNUSED_FUNCTION = YES;
				GCC_WARN_UNUSED_VARIABLE = YES;
				IPHONEOS_DEPLOYMENT_TARGET = 14.3;
				MTL_ENABLE_DEBUG_INFO = NO;
				MTL_FAST_MATH = YES;
				SDKROOT = iphoneos;
				SWIFT_COMPILATION_MODE = wholemodule;
				SWIFT_OPTIMIZATION_LEVEL = "-O";
				VALIDATE_PRODUCT = YES;
			};
			name = Release;
		};
		8B9BC72B25995A7300F8CB4E /* Debug */ = {
			isa = XCBuildConfiguration;
			buildSettings = {
				ASSETCATALOG_COMPILER_APPICON_NAME = AppIcon;
				ASSETCATALOG_COMPILER_GLOBAL_ACCENT_COLOR_NAME = AccentColor;
				CODE_SIGN_STYLE = Automatic;
				DEVELOPMENT_ASSET_PATHS = "\"money-manage/Preview Content\"";
				DEVELOPMENT_TEAM = RCFBK97QU7;
				ENABLE_PREVIEWS = YES;
				INFOPLIST_FILE = "money-manage/Info.plist";
				IPHONEOS_DEPLOYMENT_TARGET = 14.0;
				LD_RUNPATH_SEARCH_PATHS = (
					"$(inherited)",
					"@executable_path/Frameworks",
				);
				PRODUCT_BUNDLE_IDENTIFIER = "getswifty.money-manage";
				PRODUCT_NAME = "$(TARGET_NAME)";
				SWIFT_VERSION = 5.0;
				TARGETED_DEVICE_FAMILY = "1,2";
			};
			name = Debug;
		};
		8B9BC72C25995A7300F8CB4E /* Release */ = {
			isa = XCBuildConfiguration;
			buildSettings = {
				ASSETCATALOG_COMPILER_APPICON_NAME = AppIcon;
				ASSETCATALOG_COMPILER_GLOBAL_ACCENT_COLOR_NAME = AccentColor;
				CODE_SIGN_STYLE = Automatic;
				DEVELOPMENT_ASSET_PATHS = "\"money-manage/Preview Content\"";
				DEVELOPMENT_TEAM = RCFBK97QU7;
				ENABLE_PREVIEWS = YES;
				INFOPLIST_FILE = "money-manage/Info.plist";
				IPHONEOS_DEPLOYMENT_TARGET = 14.0;
				LD_RUNPATH_SEARCH_PATHS = (
					"$(inherited)",
					"@executable_path/Frameworks",
				);
				PRODUCT_BUNDLE_IDENTIFIER = "getswifty.money-manage";
				PRODUCT_NAME = "$(TARGET_NAME)";
				SWIFT_VERSION = 5.0;
				TARGETED_DEVICE_FAMILY = "1,2";
			};
			name = Release;
		};
/* End XCBuildConfiguration section */

/* Begin XCConfigurationList section */
		8B9BC71625995A7200F8CB4E /* Build configuration list for PBXProject "money-manage" */ = {
			isa = XCConfigurationList;
			buildConfigurations = (
				8B9BC72825995A7300F8CB4E /* Debug */,
				8B9BC72925995A7300F8CB4E /* Release */,
			);
			defaultConfigurationIsVisible = 0;
			defaultConfigurationName = Release;
		};
		8B9BC72A25995A7300F8CB4E /* Build configuration list for PBXNativeTarget "money-manage" */ = {
			isa = XCConfigurationList;
			buildConfigurations = (
				8B9BC72B25995A7300F8CB4E /* Debug */,
				8B9BC72C25995A7300F8CB4E /* Release */,
			);
			defaultConfigurationIsVisible = 0;
			defaultConfigurationName = Release;
		};
/* End XCConfigurationList section */
	};
	rootObject = 8B9BC71325995A7200F8CB4E /* Project object */;
}
